// !$*UTF8*$!
{
	archiveVersion = 1;
	classes = {
	};
	objectVersion = 50;
	objects = {

/* Begin PBXBuildFile section */
		5C2EFD4A238E10FD000B307F /* AppDelegate.swift in Sources */ = {isa = PBXBuildFile; fileRef = 5C2EFD49238E10FD000B307F /* AppDelegate.swift */; };
		5C2EFD4C238E10FD000B307F /* SceneDelegate.swift in Sources */ = {isa = PBXBuildFile; fileRef = 5C2EFD4B238E10FD000B307F /* SceneDelegate.swift */; };
		5C2EFD4E238E10FD000B307F /* ViewController.swift in Sources */ = {isa = PBXBuildFile; fileRef = 5C2EFD4D238E10FD000B307F /* ViewController.swift */; };
		5C2EFD51238E10FD000B307F /* Main.storyboard in Resources */ = {isa = PBXBuildFile; fileRef = 5C2EFD4F238E10FD000B307F /* Main.storyboard */; };
		5C2EFD53238E1102000B307F /* Assets.xcassets in Resources */ = {isa = PBXBuildFile; fileRef = 5C2EFD52238E1102000B307F /* Assets.xcassets */; };
		5C2EFD56238E1102000B307F /* LaunchScreen.storyboard in Resources */ = {isa = PBXBuildFile; fileRef = 5C2EFD54238E1102000B307F /* LaunchScreen.storyboard */; };
		5C2EFD5E238E133A000B307F /* Filme.swift in Sources */ = {isa = PBXBuildFile; fileRef = 5C2EFD5D238E133A000B307F /* Filme.swift */; };
		5C2EFD60238E2D04000B307F /* FilmeCelula.swift in Sources */ = {isa = PBXBuildFile; fileRef = 5C2EFD5F238E2D04000B307F /* FilmeCelula.swift */; };
		5C9022A5238F74CB0069F82E /* DetalhesController.swift in Sources */ = {isa = PBXBuildFile; fileRef = 5C9022A4238F74CB0069F82E /* DetalhesController.swift */; };
/* End PBXBuildFile section */

/* Begin PBXFileReference section */
		5C2EFD46238E10FD000B307F /* mymovies.app */ = {isa = PBXFileReference; explicitFileType = wrapper.application; includeInIndex = 0; path = mymovies.app; sourceTree = BUILT_PRODUCTS_DIR; };
		5C2EFD49238E10FD000B307F /* AppDelegate.swift */ = {isa = PBXFileReference; lastKnownFileType = sourcecode.swift; path = AppDelegate.swift; sourceTree = "<group>"; };
		5C2EFD4B238E10FD000B307F /* SceneDelegate.swift */ = {isa = PBXFileReference; lastKnownFileType = sourcecode.swift; path = SceneDelegate.swift; sourceTree = "<group>"; };
		5C2EFD4D238E10FD000B307F /* ViewController.swift */ = {isa = PBXFileReference; lastKnownFileType = sourcecode.swift; path = ViewController.swift; sourceTree = "<group>"; };
		5C2EFD50238E10FD000B307F /* Base */ = {isa = PBXFileReference; lastKnownFileType = file.storyboard; name = Base; path = Base.lproj/Main.storyboard; sourceTree = "<group>"; };
		5C2EFD52238E1102000B307F /* Assets.xcassets */ = {isa = PBXFileReference; lastKnownFileType = folder.assetcatalog; path = Assets.xcassets; sourceTree = "<group>"; };
		5C2EFD55238E1102000B307F /* Base */ = {isa = PBXFileReference; lastKnownFileType = file.storyboard; name = Base; path = Base.lproj/LaunchScreen.storyboard; sourceTree = "<group>"; };
		5C2EFD57238E1102000B307F /* Info.plist */ = {isa = PBXFileReference; lastKnownFileType = text.plist.xml; path = Info.plist; sourceTree = "<group>"; };
		5C2EFD5D238E133A000B307F /* Filme.swift */ = {isa = PBXFileReference; lastKnownFileType = sourcecode.swift; path = Filme.swift; sourceTree = "<group>"; };
		5C2EFD5F238E2D04000B307F /* FilmeCelula.swift */ = {isa = PBXFileReference; lastKnownFileType = sourcecode.swift; path = FilmeCelula.swift; sourceTree = "<group>"; };
		5C9022A4238F74CB0069F82E /* DetalhesController.swift */ = {isa = PBXFileReference; lastKnownFileType = sourcecode.swift; path = DetalhesController.swift; sourceTree = "<group>"; };
/* End PBXFileReference section */

/* Begin PBXFrameworksBuildPhase section */
		5C2EFD43238E10FD000B307F /* Frameworks */ = {
			isa = PBXFrameworksBuildPhase;
			buildActionMask = 2147483647;
			files = (
			);
			runOnlyForDeploymentPostprocessing = 0;
		};
/* End PBXFrameworksBuildPhase section */

/* Begin PBXGroup section */
		5C2EFD3D238E10FD000B307F = {
			isa = PBXGroup;
			children = (
				5C2EFD48238E10FD000B307F /* mymovies */,
				5C2EFD47238E10FD000B307F /* Products */,
			);
			sourceTree = "<group>";
		};
		5C2EFD47238E10FD000B307F /* Products */ = {
			isa = PBXGroup;
			children = (
				5C2EFD46238E10FD000B307F /* mymovies.app */,
			);
			name = Products;
			sourceTree = "<group>";
		};
		5C2EFD48238E10FD000B307F /* mymovies */ = {
			isa = PBXGroup;
			children = (
				5C2EFD49238E10FD000B307F /* AppDelegate.swift */,
				5C2EFD4B238E10FD000B307F /* SceneDelegate.swift */,
				5C2EFD4D238E10FD000B307F /* ViewController.swift */,
				5C2EFD4F238E10FD000B307F /* Main.storyboard */,
				5C9022A4238F74CB0069F82E /* DetalhesController.swift */,
				5C2EFD5F238E2D04000B307F /* FilmeCelula.swift */,
				5C2EFD5D238E133A000B307F /* Filme.swift */,
				5C2EFD52238E1102000B307F /* Assets.xcassets */,
				5C2EFD54238E1102000B307F /* LaunchScreen.storyboard */,
				5C2EFD57238E1102000B307F /* Info.plist */,
			);
			path = mymovies;
			sourceTree = "<group>";
		};
/* End PBXGroup section */

/* Begin PBXNativeTarget section */
		5C2EFD45238E10FD000B307F /* mymovies */ = {
			isa = PBXNativeTarget;
			buildConfigurationList = 5C2EFD5A238E1102000B307F /* Build configuration list for PBXNativeTarget "mymovies" */;
			buildPhases = (
				5C2EFD42238E10FD000B307F /* Sources */,
				5C2EFD43238E10FD000B307F /* Frameworks */,
				5C2EFD44238E10FD000B307F /* Resources */,
			);
			buildRules = (
			);
			dependencies = (
			);
			name = mymovies;
			productName = mymovies;
			productReference = 5C2EFD46238E10FD000B307F /* mymovies.app */;
			productType = "com.apple.product-type.application";
		};
/* End PBXNativeTarget section */

/* Begin PBXProject section */
		5C2EFD3E238E10FD000B307F /* Project object */ = {
			isa = PBXProject;
			attributes = {
				LastSwiftUpdateCheck = 1110;
				LastUpgradeCheck = 1110;
				ORGANIZATIONNAME = "Gilberto Masetto";
				TargetAttributes = {
					5C2EFD45238E10FD000B307F = {
						CreatedOnToolsVersion = 11.1;
					};
				};
			};
			buildConfigurationList = 5C2EFD41238E10FD000B307F /* Build configuration list for PBXProject "mymovies" */;
			compatibilityVersion = "Xcode 9.3";
			developmentRegion = en;
			hasScannedForEncodings = 0;
			knownRegions = (
				en,
				Base,
			);
			mainGroup = 5C2EFD3D238E10FD000B307F;
			productRefGroup = 5C2EFD47238E10FD000B307F /* Products */;
			projectDirPath = "";
			projectRoot = "";
			targets = (
				5C2EFD45238E10FD000B307F /* mymovies */,
			);
		};
/* End PBXProject section */

/* Begin PBXResourcesBuildPhase section */
		5C2EFD44238E10FD000B307F /* Resources */ = {
			isa = PBXResourcesBuildPhase;
			buildActionMask = 2147483647;
			files = (
				5C2EFD56238E1102000B307F /* LaunchScreen.storyboard in Resources */,
				5C2EFD53238E1102000B307F /* Assets.xcassets in Resources */,
				5C2EFD51238E10FD000B307F /* Main.storyboard in Resources */,
			);
			runOnlyForDeploymentPostprocessing = 0;
		};
/* End PBXResourcesBuildPhase section */

/* Begin PBXSourcesBuildPhase section */
		5C2EFD42238E10FD000B307F /* Sources */ = {
			isa = PBXSourcesBuildPhase;
			buildActionMask = 2147483647;
			files = (
				5C2EFD4E238E10FD000B307F /* ViewController.swift in Sources */,
				5C2EFD60238E2D04000B307F /* FilmeCelula.swift in Sources */,
				5C2EFD4A238E10FD000B307F /* AppDelegate.swift in Sources */,
				5C2EFD4C238E10FD000B307F /* SceneDelegate.swift in Sources */,
				5C2EFD5E238E133A000B307F /* Filme.swift in Sources */,
				5C9022A5238F74CB0069F82E /* DetalhesController.swift in Sources */,
			);
			runOnlyForDeploymentPostprocessing = 0;
		};
/* End PBXSourcesBuildPhase section */

/* Begin PBXVariantGroup section */
		5C2EFD4F238E10FD000B307F /* Main.storyboard */ = {
			isa = PBXVariantGroup;
			children = (
				5C2EFD50238E10FD000B307F /* Base */,
			);
			name = Main.storyboard;
			sourceTree = "<group>";
		};
		5C2EFD54238E1102000B307F /* LaunchScreen.storyboard */ = {
			isa = PBXVariantGroup;
			children = (
				5C2EFD55238E1102000B307F /* Base */,
			);
			name = LaunchScreen.storyboard;
			sourceTree = "<group>";
		};
/* End PBXVariantGroup section */

/* Begin XCBuildConfiguration section */
		5C2EFD58238E1102000B307F /* Debug */ = {
			isa = XCBuildConfiguration;
			buildSettings = {
				ALWAYS_SEARCH_USER_PATHS = NO;
				CLANG_ANALYZER_NONNULL = YES;
				CLANG_ANALYZER_NUMBER_OBJECT_CONVERSION = YES_AGGRESSIVE;
				CLANG_CXX_LANGUAGE_STANDARD = "gnu++14";
				CLANG_CXX_LIBRARY = "libc++";
				CLANG_ENABLE_MODULES = YES;
				CLANG_ENABLE_OBJC_ARC = YES;
				CLANG_ENABLE_OBJC_WEAK = YES;
				CLANG_WARN_BLOCK_CAPTURE_AUTORELEASING = YES;
				CLANG_WARN_BOOL_CONVERSION = YES;
				CLANG_WARN_COMMA = YES;
				CLANG_WARN_CONSTANT_CONVERSION = YES;
				CLANG_WARN_DEPRECATED_OBJC_IMPLEMENTATIONS = YES;
				CLANG_WARN_DIRECT_OBJC_ISA_USAGE = YES_ERROR;
				CLANG_WARN_DOCUMENTATION_COMMENTS = YES;
				CLANG_WARN_EMPTY_BODY = YES;
				CLANG_WARN_ENUM_CONVERSION = YES;
				CLANG_WARN_INFINITE_RECURSION = YES;
				CLANG_WARN_INT_CONVERSION = YES;
				CLANG_WARN_NON_LITERAL_NULL_CONVERSION = YES;
				CLANG_WARN_OBJC_IMPLICIT_RETAIN_SELF = YES;
				CLANG_WARN_OBJC_LITERAL_CONVERSION = YES;
				CLANG_WARN_OBJC_ROOT_CLASS = YES_ERROR;
				CLANG_WARN_RANGE_LOOP_ANALYSIS = YES;
				CLANG_WARN_STRICT_PROTOTYPES = YES;
				CLANG_WARN_SUSPICIOUS_MOVE = YES;
				CLANG_WARN_UNGUARDED_AVAILABILITY = YES_AGGRESSIVE;
				CLANG_WARN_UNREACHABLE_CODE = YES;
				CLANG_WARN__DUPLICATE_METHOD_MATCH = YES;
				COPY_PHASE_STRIP = NO;
				DEBUG_INFORMATION_FORMAT = dwarf;
				ENABLE_STRICT_OBJC_MSGSEND = YES;
				ENABLE_TESTABILITY = YES;
				GCC_C_LANGUAGE_STANDARD = gnu11;
				GCC_DYNAMIC_NO_PIC = NO;
				GCC_NO_COMMON_BLOCKS = YES;
				GCC_OPTIMIZATION_LEVEL = 0;
				GCC_PREPROCESSOR_DEFINITIONS = (
					"DEBUG=1",
					"$(inherited)",
				);
				GCC_WARN_64_TO_32_BIT_CONVERSION = YES;
				GCC_WARN_ABOUT_RETURN_TYPE = YES_ERROR;
				GCC_WARN_UNDECLARED_SELECTOR = YES;
				GCC_WARN_UNINITIALIZED_AUTOS = YES_AGGRESSIVE;
				GCC_WARN_UNUSED_FUNCTION = YES;
				GCC_WARN_UNUSED_VARIABLE = YES;
				IPHONEOS_DEPLOYMENT_TARGET = 13.1;
				MTL_ENABLE_DEBUG_INFO = INCLUDE_SOURCE;
				MTL_FAST_MATH = YES;
				ONLY_ACTIVE_ARCH = YES;
				SDKROOT = iphoneos;
				SWIFT_ACTIVE_COMPILATION_CONDITIONS = DEBUG;
				SWIFT_OPTIMIZATION_LEVEL = "-Onone";
			};
			name = Debug;
		};
		5C2EFD59238E1102000B307F /* Release */ = {
			isa = XCBuildConfiguration;
			buildSettings = {
				ALWAYS_SEARCH_USER_PATHS = NO;
				CLANG_ANALYZER_NONNULL = YES;
				CLANG_ANALYZER_NUMBER_OBJECT_CONVERSION = YES_AGGRESSIVE;
				CLANG_CXX_LANGUAGE_STANDARD = "gnu++14";
				CLANG_CXX_LIBRARY = "libc++";
				CLANG_ENABLE_MODULES = YES;
				CLANG_ENABLE_OBJC_ARC = YES;
				CLANG_ENABLE_OBJC_WEAK = YES;
				CLANG_WARN_BLOCK_CAPTURE_AUTORELEASING = YES;
				CLANG_WARN_BOOL_CONVERSION = YES;
				CLANG_WARN_COMMA = YES;
				CLANG_WARN_CONSTANT_CONVERSION = YES;
				CLANG_WARN_DEPRECATED_OBJC_IMPLEMENTATIONS = YES;
				CLANG_WARN_DIRECT_OBJC_ISA_USAGE = YES_ERROR;
				CLANG_WARN_DOCUMENTATION_COMMENTS = YES;
				CLANG_WARN_EMPTY_BODY = YES;
				CLANG_WARN_ENUM_CONVERSION = YES;
				CLANG_WARN_INFINITE_RECURSION = YES;
				CLANG_WARN_INT_CONVERSION = YES;
				CLANG_WARN_NON_LITERAL_NULL_CONVERSION = YES;
				CLANG_WARN_OBJC_IMPLICIT_RETAIN_SELF = YES;
				CLANG_WARN_OBJC_LITERAL_CONVERSION = YES;
				CLANG_WARN_OBJC_ROOT_CLASS = YES_ERROR;
				CLANG_WARN_RANGE_LOOP_ANALYSIS = YES;
				CLANG_WARN_STRICT_PROTOTYPES = YES;
				CLANG_WARN_SUSPICIOUS_MOVE = YES;
				CLANG_WARN_UNGUARDED_AVAILABILITY = YES_AGGRESSIVE;
				CLANG_WARN_UNREACHABLE_CODE = YES;
				CLANG_WARN__DUPLICATE_METHOD_MATCH = YES;
				COPY_PHASE_STRIP = NO;
				DEBUG_INFORMATION_FORMAT = "dwarf-with-dsym";
				ENABLE_NS_ASSERTIONS = NO;
				ENABLE_STRICT_OBJC_MSGSEND = YES;
				GCC_C_LANGUAGE_STANDARD = gnu11;
				GCC_NO_COMMON_BLOCKS = YES;
				GCC_WARN_64_TO_32_BIT_CONVERSION = YES;
				GCC_WARN_ABOUT_RETURN_TYPE = YES_ERROR;
				GCC_WARN_UNDECLARED_SELECTOR = YES;
				GCC_WARN_UNINITIALIZED_AUTOS = YES_AGGRESSIVE;
				GCC_WARN_UNUSED_FUNCTION = YES;
				GCC_WARN_UNUSED_VARIABLE = YES;
				IPHONEOS_DEPLOYMENT_TARGET = 13.1;
				MTL_ENABLE_DEBUG_INFO = NO;
				MTL_FAST_MATH = YES;
				SDKROOT = iphoneos;
				SWIFT_COMPILATION_MODE = wholemodule;
				SWIFT_OPTIMIZATION_LEVEL = "-O";
				VALIDATE_PRODUCT = YES;
			};
			name = Release;
		};
		5C2EFD5B238E1102000B307F /* Debug */ = {
			isa = XCBuildConfiguration;
			buildSettings = {
				ASSETCATALOG_COMPILER_APPICON_NAME = AppIcon;
				CODE_SIGN_STYLE = Automatic;
				DEVELOPMENT_TEAM = 6B63LBH7F4;
				INFOPLIST_FILE = mymovies/Info.plist;
				LD_RUNPATH_SEARCH_PATHS = (
					"$(inherited)",
					"@executable_path/Frameworks",
				);
				PRODUCT_BUNDLE_IDENTIFIER = "Gilberto-Masetto.mymovies";
				PRODUCT_NAME = "$(TARGET_NAME)";
				SWIFT_VERSION = 5.0;
				TARGETED_DEVICE_FAMILY = "1,2";
			};
			name = Debug;
		};
		5C2EFD5C238E1102000B307F /* Release */ = {
			isa = XCBuildConfiguration;
			buildSettings = {
				ASSETCATALOG_COMPILER_APPICON_NAME = AppIcon;
				CODE_SIGN_STYLE = Automatic;
				DEVELOPMENT_TEAM = 6B63LBH7F4;
				INFOPLIST_FILE = mymovies/Info.plist;
				LD_RUNPATH_SEARCH_PATHS = (
					"$(inherited)",
					"@executable_path/Frameworks",
				);
				PRODUCT_BUNDLE_IDENTIFIER = "Gilberto-Masetto.mymovies";
				PRODUCT_NAME = "$(TARGET_NAME)";
				SWIFT_VERSION = 5.0;
				TARGETED_DEVICE_FAMILY = "1,2";
			};
			name = Release;
		};
/* End XCBuildConfiguration section */

/* Begin XCConfigurationList section */
		5C2EFD41238E10FD000B307F /* Build configuration list for PBXProject "mymovies" */ = {
			isa = XCConfigurationList;
			buildConfigurations = (
				5C2EFD58238E1102000B307F /* Debug */,
				5C2EFD59238E1102000B307F /* Release */,
			);
			defaultConfigurationIsVisible = 0;
			defaultConfigurationName = Release;
		};
		5C2EFD5A238E1102000B307F /* Build configuration list for PBXNativeTarget "mymovies" */ = {
			isa = XCConfigurationList;
			buildConfigurations = (
				5C2EFD5B238E1102000B307F /* Debug */,
				5C2EFD5C238E1102000B307F /* Release */,
			);
			defaultConfigurationIsVisible = 0;
			defaultConfigurationName = Release;
		};
/* End XCConfigurationList section */
	};
	rootObject = 5C2EFD3E238E10FD000B307F /* Project object */;
}
